<?xml version="1.0" encoding="utf-8"?>
<Project ToolsVersion="4.0" xmlns="http://schemas.microsoft.com/developer/msbuild/2003">
  <ItemGroup>
    <Filter Include="Source Files">
      <UniqueIdentifier>{4FC737F1-C7A5-4376-A066-2A32D752A2FF}</UniqueIdentifier>
      <Extensions>cpp;c;cc;cxx;def;odl;idl;hpj;bat;asm;asmx</Extensions>
    </Filter>
    <Filter Include="Header Files">
      <UniqueIdentifier>{93995380-89BD-4b04-88EB-625FBE52EBFB}</UniqueIdentifier>
      <Extensions>h;hh;hpp;hxx;hm;inl;inc;ipp;xsd</Extensions>
    </Filter>
    <Filter Include="Resource Files">
      <UniqueIdentifier>{67DA6AB6-F800-4c08-8B7A-83BB121AAD01}</UniqueIdentifier>
      <Extensions>rc;ico;cur;bmp;dlg;rc2;rct;bin;rgs;gif;jpg;jpeg;jpe;resx;tiff;tif;png;wav;mfcribbon-ms</Extensions>
    </Filter>
    <Filter Include="Header Files\colliders">
      <UniqueIdentifier>{d06a1c86-28c5-43ce-8272-02e699adc4a4}</UniqueIdentifier>
    </Filter>
    <Filter Include="Header Files\sprites">
      <UniqueIdentifier>{6b38e063-9443-42cc-b391-e376e011f7f5}</UniqueIdentifier>
    </Filter>
    <Filter Include="Source Files\colliders">
      <UniqueIdentifier>{a8d52841-0203-4d68-843a-384f73467f65}</UniqueIdentifier>
    </Filter>
    <Filter Include="Source Files\sprites">
      <UniqueIdentifier>{bead44d0-923f-4f23-b513-8d715b139516}</UniqueIdentifier>
    </Filter>
    <Filter Include="Header Files\display">
      <UniqueIdentifier>{c69f9dcd-4fce-4cf0-975e-530ea7e0ce0e}</UniqueIdentifier>
    </Filter>
    <Filter Include="Source Files\display">
      <UniqueIdentifier>{7dd9c13b-41f4-4275-9def-155cc0cb3539}</UniqueIdentifier>
    </Filter>
    <Filter Include="Source Files\game">
      <UniqueIdentifier>{a018a7db-a63d-4641-9eae-6be40409e91a}</UniqueIdentifier>
    </Filter>
    <Filter Include="Header Files\game">
      <UniqueIdentifier>{4543ec1b-6911-4776-8cba-ae4f348da9f7}</UniqueIdentifier>
    </Filter>
    <Filter Include="Header Files\physics">
      <UniqueIdentifier>{8d2fb9ab-181f-4fb2-9c6b-1d9a3f8ffd04}</UniqueIdentifier>
    </Filter>
    <Filter Include="Source Files\physics">
      <UniqueIdentifier>{4b606f92-2770-4247-a4c7-63fe715fd539}</UniqueIdentifier>
    </Filter>
    <Filter Include="Header Files\script">
      <UniqueIdentifier>{8d1f8d17-e1b2-4211-8c20-4d66cfe6522d}</UniqueIdentifier>
    </Filter>
    <Filter Include="Source Files\script">
      <UniqueIdentifier>{54d96075-695c-4d6e-a039-b247d28afaa9}</UniqueIdentifier>
    </Filter>
    <Filter Include="Source Files\gui">
      <UniqueIdentifier>{d196d4cb-987f-414a-b4b8-c89ce0e4667d}</UniqueIdentifier>
    </Filter>
    <Filter Include="Header Files\gui">
      <UniqueIdentifier>{a45c7eca-ffce-4add-880c-cadb12d4ab9d}</UniqueIdentifier>
    </Filter>
  </ItemGroup>
  <ItemGroup>
    <None Include="packages.config" />
  </ItemGroup>
  <ItemGroup>
    <ClCompile Include="GameManager.cpp">
      <Filter>Source Files</Filter>
    </ClCompile>
    <ClCompile Include="blast.cpp">
      <Filter>Source Files\colliders</Filter>
    </ClCompile>
    <ClCompile Include="twodcolliderbody.cpp">
      <Filter>Source Files\colliders</Filter>
    </ClCompile>
    <ClCompile Include="colliderfactory.cpp">
      <Filter>Source Files\colliders</Filter>
    </ClCompile>
    <ClCompile Include="Sprite.cpp">
      <Filter>Source Files\sprites</Filter>
    </ClCompile>
    <ClCompile Include="ship.cpp">
      <Filter>Source Files\sprites</Filter>
    </ClCompile>
    <ClCompile Include="enemy.cpp">
      <Filter>Source Files\sprites</Filter>
    </ClCompile>
    <ClCompile Include="boxcollider.cpp">
      <Filter>Source Files\colliders</Filter>
    </ClCompile>
    <ClCompile Include="animation.cpp">
      <Filter>Source Files\display</Filter>
    </ClCompile>
    <ClCompile Include="explosion.cpp">
      <Filter>Source Files\display</Filter>
    </ClCompile>
    <ClCompile Include="scene.cpp">
      <Filter>Source Files\game</Filter>
    </ClCompile>
    <ClCompile Include="gameobject.cpp">
      <Filter>Source Files\game</Filter>
    </ClCompile>
    <ClCompile Include="staticdisplayfactory.cpp">
      <Filter>Source Files\display</Filter>
    </ClCompile>
    <ClCompile Include="staticdisplayobject.cpp">
      <Filter>Source Files\display</Filter>
    </ClCompile>
    <ClCompile Include="physics.cpp">
      <Filter>Source Files\physics</Filter>
    </ClCompile>
    <ClCompile Include="physicsengine.cpp">
      <Filter>Source Files\physics</Filter>
    </ClCompile>
    <ClCompile Include="sortingphysics.cpp">
      <Filter>Source Files\physics</Filter>
    </ClCompile>
    <ClCompile Include="collisionphysics.cpp">
      <Filter>Source Files\physics</Filter>
    </ClCompile>
    <ClCompile Include="controller.cpp">
      <Filter>Source Files\game</Filter>
    </ClCompile>
    <ClCompile Include="spritefactory.cpp">
      <Filter>Source Files\sprites</Filter>
    </ClCompile>
    <ClCompile Include="enemycontroller.cpp">
      <Filter>Source Files\game</Filter>
    </ClCompile>
    <ClCompile Include="invaders.cpp">
      <Filter>Source Files</Filter>
    </ClCompile>
    <ClCompile Include="score.cpp">
      <Filter>Source Files\game</Filter>
    </ClCompile>
    <ClCompile Include="behaviour.cpp">
      <Filter>Source Files\script</Filter>
    </ClCompile>
    <ClCompile Include="bouncingphysics.cpp">
      <Filter>Source Files\physics</Filter>
    </ClCompile>
    <ClCompile Include="gui.cpp">
      <Filter>Source Files\gui</Filter>
    </ClCompile>
    <ClCompile Include="constants.cpp">
      <Filter>Source Files\game</Filter>
    </ClCompile>
    <ClCompile Include="healthbar.cpp">
      <Filter>Source Files\display</Filter>
    </ClCompile>
    <ClCompile Include="heart.cpp">
      <Filter>Source Files\display</Filter>
    </ClCompile>
  </ItemGroup>
  <ItemGroup>
    <ClInclude Include="blast.h">
      <Filter>Header Files\colliders</Filter>
    </ClInclude>
    <ClInclude Include="colliderfactory.h">
      <Filter>Header Files\colliders</Filter>
    </ClInclude>
    <ClInclude Include="twodcolliderbody.h">
      <Filter>Header Files\colliders</Filter>
    </ClInclude>
    <ClInclude Include="ship.h">
      <Filter>Header Files\sprites</Filter>
    </ClInclude>
    <ClInclude Include="Sprite.h">
      <Filter>Header Files\sprites</Filter>
    </ClInclude>
    <ClInclude Include="enemy.h">
      <Filter>Header Files\sprites</Filter>
    </ClInclude>
    <ClInclude Include="boxcollider.h">
      <Filter>Header Files\colliders</Filter>
    </ClInclude>
    <ClInclude Include="animation.h">
      <Filter>Header Files\display</Filter>
    </ClInclude>
    <ClInclude Include="explosion.h">
      <Filter>Header Files\display</Filter>
    </ClInclude>
    <ClInclude Include="gameobject.h">
      <Filter>Header Files\game</Filter>
    </ClInclude>
    <ClInclude Include="scene.h">
      <Filter>Header Files\game</Filter>
    </ClInclude>
    <ClInclude Include="staticdisplayfactory.h">
      <Filter>Header Files\display</Filter>
    </ClInclude>
    <ClInclude Include="staticdisplayobject.h">
      <Filter>Header Files\display</Filter>
    </ClInclude>
    <ClInclude Include="physics.h">
      <Filter>Header Files\physics</Filter>
    </ClInclude>
    <ClInclude Include="physicsengine.h">
      <Filter>Header Files\physics</Filter>
    </ClInclude>
    <ClInclude Include="collisionphysics.h">
      <Filter>Header Files\physics</Filter>
    </ClInclude>
    <ClInclude Include="sortingphysics.h">
      <Filter>Header Files\physics</Filter>
    </ClInclude>
    <ClInclude Include="controller.h">
      <Filter>Header Files\game</Filter>
    </ClInclude>
    <ClInclude Include="GameManager.h">
      <Filter>Header Files</Filter>
    </ClInclude>
    <ClInclude Include="spritefactory.h">
      <Filter>Header Files\sprites</Filter>
    </ClInclude>
    <ClInclude Include="enemycontroller.h">
      <Filter>Header Files\game</Filter>
    </ClInclude>
    <ClInclude Include="score.h">
      <Filter>Header Files\game</Filter>
    </ClInclude>
    <ClInclude Include="difficulty.h">
      <Filter>Header Files\game</Filter>
    </ClInclude>
    <ClInclude Include="behaviour.h">
      <Filter>Header Files\script</Filter>
    </ClInclude>
    <ClInclude Include="bouncingphysics.h">
      <Filter>Header Files\physics</Filter>
    </ClInclude>
    <ClInclude Include="heart.h">
      <Filter>Header Files\colliders</Filter>
    </ClInclude>
    <ClInclude Include="invaders.h">
      <Filter>Header Files</Filter>
    </ClInclude>
    <ClInclude Include="healthbar.h">
      <Filter>Header Files\display</Filter>
    </ClInclude>
    <ClInclude Include="constants.h">
      <Filter>Header Files\game</Filter>
    </ClInclude>
    <ClInclude Include="gui.h">
      <Filter>Header Files\gui</Filter>
    </ClInclude>
  </ItemGroup>
</Project>